
Microsoft Visual Studio Solution File, Format Version 12.00
# Visual Studio Version 17
VisualStudioVersion = 17.9.34723.18
MinimumVisualStudioVersion = 10.0.40219.1
Project("{8BC9CEB8-8B4A-11D0-8D11-00A0C91BC942}") = "Project19", "Project19\Project19.vcxproj", "{5BFB2AC2-3E39-49BD-AA97-61D2352732E7}"
EndProject
Global
	GlobalSection(SolutionConfigurationPlatforms) = preSolution
		Debug|x64 = Debug|x64
		Debug|x86 = Debug|x86
		Release|x64 = Release|x64
		Release|x86 = Release|x86
	EndGlobalSection
	GlobalSection(ProjectConfigurationPlatforms) = postSolution
		{5BFB2AC2-3E39-49BD-AA97-61D2352732E7}.Debug|x64.ActiveCfg = Debug|x64
		{5BFB2AC2-3E39-49BD-AA97-61D2352732E7}.Debug|x64.Build.0 = Debug|x64
		{5BFB2AC2-3E39-49BD-AA97-61D2352732E7}.Debug|x86.ActiveCfg = Debug|Win32
		{5BFB2AC2-3E39-49BD-AA97-61D2352732E7}.Debug|x86.Build.0 = Debug|Win32
		{5BFB2AC2-3E39-49BD-AA97-61D2352732E7}.Release|x64.ActiveCfg = Release|x64
		{5BFB2AC2-3E39-49BD-AA97-61D2352732E7}.Release|x64.Build.0 = Release|x64
		{5BFB2AC2-3E39-49BD-AA97-61D2352732E7}.Release|x86.ActiveCfg = Release|Win32
		{5BFB2AC2-3E39-49BD-AA97-61D2352732E7}.Release|x86.Build.0 = Release|Win32
	EndGlobalSection
	GlobalSection(SolutionProperties) = preSolution
		HideSolutionNode = FALSE
	EndGlobalSection
	GlobalSection(ExtensibilityGlobals) = postSolution
		SolutionGuid = {176CE354-8371-4E73-BF61-629D5F587C9C}
	EndGlobalSection
EndGlobal
